
Microsoft Visual Studio Solution File, Format Version 12.00
# Visual Studio Version 17
VisualStudioVersion = 17.14.36511.14
MinimumVisualStudioVersion = 10.0.40219.1
Project("{FAE04EC0-301F-11D3-BF4B-00C04F79EFBC}") = "BallGamesWinFormsApp", "BallGamesWinFormsApp\BallGamesWinFormsApp.csproj", "{AAC9EADD-FD9F-4F62-B752-04C4AD18B681}"
EndProject
Project("{FAE04EC0-301F-11D3-BF4B-00C04F79EFBC}") = "BallCatchWinFormsApp", "BallCatchWinFormsApp\BallCatchWinFormsApp.csproj", "{14E4DCAD-80B2-4566-ADEB-70E786AEB107}"
EndProject
Global
	GlobalSection(SolutionConfigurationPlatforms) = preSolution
		Debug|Any CPU = Debug|Any CPU
		Release|Any CPU = Release|Any CPU
	EndGlobalSection
	GlobalSection(ProjectConfigurationPlatforms) = postSolution
		{AAC9EADD-FD9F-4F62-B752-04C4AD18B681}.Debug|Any CPU.ActiveCfg = Debug|Any CPU
		{AAC9EADD-FD9F-4F62-B752-04C4AD18B681}.Debug|Any CPU.Build.0 = Debug|Any CPU
		{AAC9EADD-FD9F-4F62-B752-04C4AD18B681}.Release|Any CPU.ActiveCfg = Release|Any CPU
		{AAC9EADD-FD9F-4F62-B752-04C4AD18B681}.Release|Any CPU.Build.0 = Release|Any CPU
		{14E4DCAD-80B2-4566-ADEB-70E786AEB107}.Debug|Any CPU.ActiveCfg = Debug|Any CPU
		{14E4DCAD-80B2-4566-ADEB-70E786AEB107}.Debug|Any CPU.Build.0 = Debug|Any CPU
		{14E4DCAD-80B2-4566-ADEB-70E786AEB107}.Release|Any CPU.ActiveCfg = Release|Any CPU
		{14E4DCAD-80B2-4566-ADEB-70E786AEB107}.Release|Any CPU.Build.0 = Release|Any CPU
	EndGlobalSection
	GlobalSection(SolutionProperties) = preSolution
		HideSolutionNode = FALSE
	EndGlobalSection
	GlobalSection(ExtensibilityGlobals) = postSolution
		SolutionGuid = {C31107EF-81C3-491B-873F-31CB6E1E2E50}
	EndGlobalSection
EndGlobal
